{
  "name": "salestools",
  "version": "1.0.0",
  "lockfileVersion": 1,
  "requires": true,
  "dependencies": {
    "clipboard-polyfill": {
      "version": "3.0.0-pre5",
      "resolved": "https://registry.npmjs.org/clipboard-polyfill/-/clipboard-polyfill-3.0.0-pre5.tgz",
      "integrity": "sha512-CwiZo2dl4c/F2ijZ4gSGdMWx4wwwC1pjynSRI99P98VepTH8NBf8btFRdjvhxUzP3kQZwk5QQ4jHTQcms7JhLA=="
    },
    "vue": {
      "version": "2.6.11",
      "resolved": "https://registry.npmjs.org/vue/-/vue-2.6.11.tgz",
      "integrity": "sha512-VfPwgcGABbGAue9+sfrD4PuwFar7gPb1yl1UK1MwXoQPAw0BKSqWfoYCT/ThFrdEVWoI51dBuyCoiNU9bZDZxQ=="
    }
  }
}
